
Microsoft Visual Studio Solution File, Format Version 11.00
# Visual Studio 2010
Project("{FAE04EC0-301F-11D3-BF4B-00C04F79EFBC}") = "Assembly-CSharp", "Assembly-CSharp.csproj", "{F4E27770-85E9-561D-E75C-6F8112C90E00}"
EndProject
Project("{FAE04EC0-301F-11D3-BF4B-00C04F79EFBC}") = "Assembly-CSharp-firstpass", "Assembly-CSharp-firstpass.csproj", "{C073FBF2-A852-DD78-F633-086FCA5F3071}"
EndProject
Global
	GlobalSection(SolutionConfigurationPlatforms) = preSolution
		Debug|Any CPU = Debug|Any CPU
		Release|Any CPU = Release|Any CPU
	EndGlobalSection
	GlobalSection(ProjectConfigurationPlatforms) = postSolution
		{F4E27770-85E9-561D-E75C-6F8112C90E00}.Debug|Any CPU.ActiveCfg = Debug|Any CPU
		{F4E27770-85E9-561D-E75C-6F8112C90E00}.Debug|Any CPU.Build.0 = Debug|Any CPU
		{F4E27770-85E9-561D-E75C-6F8112C90E00}.Release|Any CPU.ActiveCfg = Release|Any CPU
		{F4E27770-85E9-561D-E75C-6F8112C90E00}.Release|Any CPU.Build.0 = Release|Any CPU
		{C073FBF2-A852-DD78-F633-086FCA5F3071}.Debug|Any CPU.ActiveCfg = Debug|Any CPU
		{C073FBF2-A852-DD78-F633-086FCA5F3071}.Debug|Any CPU.Build.0 = Debug|Any CPU
		{C073FBF2-A852-DD78-F633-086FCA5F3071}.Release|Any CPU.ActiveCfg = Release|Any CPU
		{C073FBF2-A852-DD78-F633-086FCA5F3071}.Release|Any CPU.Build.0 = Release|Any CPU
	EndGlobalSection
	GlobalSection(SolutionProperties) = preSolution
		HideSolutionNode = FALSE
	EndGlobalSection
	GlobalSection(MonoDevelopProperties) = preSolution
		StartupItem = Assembly-CSharp.csproj
	EndGlobalSection
EndGlobal
